
Microsoft Visual Studio Solution File, Format Version 12.00
# Visual Studio 15
VisualStudioVersion = 15.0.28307.329
MinimumVisualStudioVersion = 10.0.40219.1
Project("{FAE04EC0-301F-11D3-BF4B-00C04F79EFBC}") = "Display_Insert_Update_Delete2", "Display_Insert_Update_Delete2\Display_Insert_Update_Delete2.csproj", "{408AB1FB-38F4-4E41-BAB3-20CDD5E78B3D}"
EndProject
Global
	GlobalSection(SolutionConfigurationPlatforms) = preSolution
		Debug|Any CPU = Debug|Any CPU
		Release|Any CPU = Release|Any CPU
	EndGlobalSection
	GlobalSection(ProjectConfigurationPlatforms) = postSolution
		{408AB1FB-38F4-4E41-BAB3-20CDD5E78B3D}.Debug|Any CPU.ActiveCfg = Debug|Any CPU
		{408AB1FB-38F4-4E41-BAB3-20CDD5E78B3D}.Debug|Any CPU.Build.0 = Debug|Any CPU
		{408AB1FB-38F4-4E41-BAB3-20CDD5E78B3D}.Release|Any CPU.ActiveCfg = Release|Any CPU
		{408AB1FB-38F4-4E41-BAB3-20CDD5E78B3D}.Release|Any CPU.Build.0 = Release|Any CPU
	EndGlobalSection
	GlobalSection(SolutionProperties) = preSolution
		HideSolutionNode = FALSE
	EndGlobalSection
	GlobalSection(ExtensibilityGlobals) = postSolution
		SolutionGuid = {43099103-367E-43E7-8A2C-14F1E145EC4C}
	EndGlobalSection
EndGlobal
